
Microsoft Visual Studio Solution File, Format Version 12.00
# Visual Studio Version 17
VisualStudioVersion = 17.4.33205.214
MinimumVisualStudioVersion = 10.0.40219.1
Project("{9A19103F-16F7-4668-BE54-9A1E7A4F7556}") = "IDM.Web-MVC", "IDM.Web-MVC\IDM.Web-MVC.csproj", "{165CC09B-33D1-4908-BEC7-7539F33B19D8}"
EndProject
Project("{9A19103F-16F7-4668-BE54-9A1E7A4F7556}") = "IDM.Infrastructure", "IDM.Infrastructure\IDM.Infrastructure.csproj", "{7221F815-585E-456A-9FC0-3129AA9B5FCE}"
EndProject
Project("{9A19103F-16F7-4668-BE54-9A1E7A4F7556}") = "IDM.Domain", "IDM.Domain\IDM.Domain.csproj", "{7C8E327A-83C6-4531-84F7-438DB35E88C5}"
EndProject
Project("{9A19103F-16F7-4668-BE54-9A1E7A4F7556}") = "IDM.Business", "IDM.Business\IDM.Business.csproj", "{E4C3B9AC-7C40-4B3D-ADE6-6FF55176AAE9}"
EndProject
Project("{9A19103F-16F7-4668-BE54-9A1E7A4F7556}") = "IDM.Common", "IDM.Common\IDM.Common.csproj", "{8E5AF0F7-4CFD-47EB-804F-6EAC83163A99}"
EndProject
Project("{9A19103F-16F7-4668-BE54-9A1E7A4F7556}") = "IDM.Api", "IDM.Api\IDM.Api.csproj", "{0586A305-0E43-46BD-B99E-86EAC9EC7F48}"
EndProject
Project("{9A19103F-16F7-4668-BE54-9A1E7A4F7556}") = "IDM.Web-Blazor", "IDM.Web-Blazor\IDM.Web-Blazor.csproj", "{1EC59E89-370A-40C6-9E8E-11238B85774F}"
EndProject
Global
	GlobalSection(SolutionConfigurationPlatforms) = preSolution
		Debug|Any CPU = Debug|Any CPU
		Release|Any CPU = Release|Any CPU
	EndGlobalSection
	GlobalSection(ProjectConfigurationPlatforms) = postSolution
		{165CC09B-33D1-4908-BEC7-7539F33B19D8}.Debug|Any CPU.ActiveCfg = Debug|Any CPU
		{165CC09B-33D1-4908-BEC7-7539F33B19D8}.Debug|Any CPU.Build.0 = Debug|Any CPU
		{165CC09B-33D1-4908-BEC7-7539F33B19D8}.Release|Any CPU.ActiveCfg = Release|Any CPU
		{165CC09B-33D1-4908-BEC7-7539F33B19D8}.Release|Any CPU.Build.0 = Release|Any CPU
		{7221F815-585E-456A-9FC0-3129AA9B5FCE}.Debug|Any CPU.ActiveCfg = Debug|Any CPU
		{7221F815-585E-456A-9FC0-3129AA9B5FCE}.Debug|Any CPU.Build.0 = Debug|Any CPU
		{7221F815-585E-456A-9FC0-3129AA9B5FCE}.Release|Any CPU.ActiveCfg = Release|Any CPU
		{7221F815-585E-456A-9FC0-3129AA9B5FCE}.Release|Any CPU.Build.0 = Release|Any CPU
		{7C8E327A-83C6-4531-84F7-438DB35E88C5}.Debug|Any CPU.ActiveCfg = Debug|Any CPU
		{7C8E327A-83C6-4531-84F7-438DB35E88C5}.Debug|Any CPU.Build.0 = Debug|Any CPU
		{7C8E327A-83C6-4531-84F7-438DB35E88C5}.Release|Any CPU.ActiveCfg = Release|Any CPU
		{7C8E327A-83C6-4531-84F7-438DB35E88C5}.Release|Any CPU.Build.0 = Release|Any CPU
		{E4C3B9AC-7C40-4B3D-ADE6-6FF55176AAE9}.Debug|Any CPU.ActiveCfg = Debug|Any CPU
		{E4C3B9AC-7C40-4B3D-ADE6-6FF55176AAE9}.Debug|Any CPU.Build.0 = Debug|Any CPU
		{E4C3B9AC-7C40-4B3D-ADE6-6FF55176AAE9}.Release|Any CPU.ActiveCfg = Release|Any CPU
		{E4C3B9AC-7C40-4B3D-ADE6-6FF55176AAE9}.Release|Any CPU.Build.0 = Release|Any CPU
		{8E5AF0F7-4CFD-47EB-804F-6EAC83163A99}.Debug|Any CPU.ActiveCfg = Debug|Any CPU
		{8E5AF0F7-4CFD-47EB-804F-6EAC83163A99}.Debug|Any CPU.Build.0 = Debug|Any CPU
		{8E5AF0F7-4CFD-47EB-804F-6EAC83163A99}.Release|Any CPU.ActiveCfg = Release|Any CPU
		{8E5AF0F7-4CFD-47EB-804F-6EAC83163A99}.Release|Any CPU.Build.0 = Release|Any CPU
		{0586A305-0E43-46BD-B99E-86EAC9EC7F48}.Debug|Any CPU.ActiveCfg = Debug|Any CPU
		{0586A305-0E43-46BD-B99E-86EAC9EC7F48}.Debug|Any CPU.Build.0 = Debug|Any CPU
		{0586A305-0E43-46BD-B99E-86EAC9EC7F48}.Release|Any CPU.ActiveCfg = Release|Any CPU
		{0586A305-0E43-46BD-B99E-86EAC9EC7F48}.Release|Any CPU.Build.0 = Release|Any CPU
		{1EC59E89-370A-40C6-9E8E-11238B85774F}.Debug|Any CPU.ActiveCfg = Debug|Any CPU
		{1EC59E89-370A-40C6-9E8E-11238B85774F}.Debug|Any CPU.Build.0 = Debug|Any CPU
		{1EC59E89-370A-40C6-9E8E-11238B85774F}.Release|Any CPU.ActiveCfg = Release|Any CPU
		{1EC59E89-370A-40C6-9E8E-11238B85774F}.Release|Any CPU.Build.0 = Release|Any CPU
	EndGlobalSection
	GlobalSection(SolutionProperties) = preSolution
		HideSolutionNode = FALSE
	EndGlobalSection
	GlobalSection(ExtensibilityGlobals) = postSolution
		SolutionGuid = {AAD25835-E366-4066-809C-FFB2CB340853}
	EndGlobalSection
EndGlobal
